
Microsoft Visual Studio Solution File, Format Version 12.00
# Visual Studio Version 16
VisualStudioVersion = 16.0.31005.135
MinimumVisualStudioVersion = 10.0.40219.1
Project("{FAE04EC0-301F-11D3-BF4B-00C04F79EFBC}") = "C-Sharp", "C-Sharp.csproj", "{AB49253C-569E-4114-803E-2D538BAB6954}"
EndProject
Global
	GlobalSection(SolutionConfigurationPlatforms) = preSolution
		Debug|Any CPU = Debug|Any CPU
		Release|Any CPU = Release|Any CPU
	EndGlobalSection
	GlobalSection(ProjectConfigurationPlatforms) = postSolution
		{AB49253C-569E-4114-803E-2D538BAB6954}.Debug|Any CPU.ActiveCfg = Debug|Any CPU
		{AB49253C-569E-4114-803E-2D538BAB6954}.Debug|Any CPU.Build.0 = Debug|Any CPU
		{AB49253C-569E-4114-803E-2D538BAB6954}.Release|Any CPU.ActiveCfg = Release|Any CPU
		{AB49253C-569E-4114-803E-2D538BAB6954}.Release|Any CPU.Build.0 = Release|Any CPU
	EndGlobalSection
	GlobalSection(SolutionProperties) = preSolution
		HideSolutionNode = FALSE
	EndGlobalSection
	GlobalSection(ExtensibilityGlobals) = postSolution
		SolutionGuid = {2A7A7963-347A-4A20-99F2-EE3F7FFB94DB}
	EndGlobalSection
EndGlobal
